
Microsoft Visual Studio Solution File, Format Version 12.00
# Visual Studio 15
VisualStudioVersion = 15.0.28307.168
MinimumVisualStudioVersion = 10.0.40219.1
Project("{FAE04EC0-301F-11D3-BF4B-00C04F79EFBC}") = "peter week6", "peter week6\peter week6.csproj", "{792677F4-F99D-4D5E-B131-4B8FCC37801A}"
EndProject
Global
	GlobalSection(SolutionConfigurationPlatforms) = preSolution
		Debug|Any CPU = Debug|Any CPU
		Release|Any CPU = Release|Any CPU
	EndGlobalSection
	GlobalSection(ProjectConfigurationPlatforms) = postSolution
		{792677F4-F99D-4D5E-B131-4B8FCC37801A}.Debug|Any CPU.ActiveCfg = Debug|Any CPU
		{792677F4-F99D-4D5E-B131-4B8FCC37801A}.Debug|Any CPU.Build.0 = Debug|Any CPU
		{792677F4-F99D-4D5E-B131-4B8FCC37801A}.Release|Any CPU.ActiveCfg = Release|Any CPU
		{792677F4-F99D-4D5E-B131-4B8FCC37801A}.Release|Any CPU.Build.0 = Release|Any CPU
	EndGlobalSection
	GlobalSection(SolutionProperties) = preSolution
		HideSolutionNode = FALSE
	EndGlobalSection
	GlobalSection(ExtensibilityGlobals) = postSolution
		SolutionGuid = {0DB4FE6D-F2B5-4E1A-9CD9-4C07BC430E23}
	EndGlobalSection
EndGlobal
