
Microsoft Visual Studio Solution File, Format Version 12.00
# Visual Studio 15
VisualStudioVersion = 15.0.28307.168
MinimumVisualStudioVersion = 10.0.40219.1
Project("{FAE04EC0-301F-11D3-BF4B-00C04F79EFBC}") = "ConsoleApp1", "ConsoleApp1\ConsoleApp1.csproj", "{D7F923DA-E36F-42BF-8A0A-9C8515D91A2E}"
EndProject
Global
	GlobalSection(SolutionConfigurationPlatforms) = preSolution
		Debug|Any CPU = Debug|Any CPU
		Release|Any CPU = Release|Any CPU
	EndGlobalSection
	GlobalSection(ProjectConfigurationPlatforms) = postSolution
		{D7F923DA-E36F-42BF-8A0A-9C8515D91A2E}.Debug|Any CPU.ActiveCfg = Debug|Any CPU
		{D7F923DA-E36F-42BF-8A0A-9C8515D91A2E}.Debug|Any CPU.Build.0 = Debug|Any CPU
		{D7F923DA-E36F-42BF-8A0A-9C8515D91A2E}.Release|Any CPU.ActiveCfg = Release|Any CPU
		{D7F923DA-E36F-42BF-8A0A-9C8515D91A2E}.Release|Any CPU.Build.0 = Release|Any CPU
	EndGlobalSection
	GlobalSection(SolutionProperties) = preSolution
		HideSolutionNode = FALSE
	EndGlobalSection
	GlobalSection(ExtensibilityGlobals) = postSolution
		SolutionGuid = {4EF6B1CF-27A7-4D95-9966-F29F7EE0CB91}
	EndGlobalSection
EndGlobal
